// !$*UTF8*$!
{
	archiveVersion = 1;
	classes = {
	};
	objectVersion = 46;
	objects = {

/* Begin PBXBuildFile section */
		04ED9EFC1C6A31880061F664 /* AppDelegate.swift in Sources */ = {isa = PBXBuildFile; fileRef = 04ED9EFB1C6A31880061F664 /* AppDelegate.swift */; };
		04ED9EFE1C6A31880061F664 /* ViewController.swift in Sources */ = {isa = PBXBuildFile; fileRef = 04ED9EFD1C6A31880061F664 /* ViewController.swift */; };
		04ED9F011C6A31880061F664 /* Main.storyboard in Resources */ = {isa = PBXBuildFile; fileRef = 04ED9EFF1C6A31880061F664 /* Main.storyboard */; };
		04ED9F031C6A31880061F664 /* Assets.xcassets in Resources */ = {isa = PBXBuildFile; fileRef = 04ED9F021C6A31880061F664 /* Assets.xcassets */; };
		04ED9F061C6A31880061F664 /* LaunchScreen.storyboard in Resources */ = {isa = PBXBuildFile; fileRef = 04ED9F041C6A31880061F664 /* LaunchScreen.storyboard */; };
		04ED9F111C6A31880061F664 /* sign_testTests.swift in Sources */ = {isa = PBXBuildFile; fileRef = 04ED9F101C6A31880061F664 /* sign_testTests.swift */; };
		04ED9F1C1C6A31880061F664 /* sign_testUITests.swift in Sources */ = {isa = PBXBuildFile; fileRef = 04ED9F1B1C6A31880061F664 /* sign_testUITests.swift */; };
/* End PBXBuildFile section */

/* Begin PBXContainerItemProxy section */
		04ED9F0D1C6A31880061F664 /* PBXContainerItemProxy */ = {
			isa = PBXContainerItemProxy;
			containerPortal = 04ED9EF01C6A31880061F664 /* Project object */;
			proxyType = 1;
			remoteGlobalIDString = 04ED9EF71C6A31880061F664;
			remoteInfo = sign_test;
		};
		04ED9F181C6A31880061F664 /* PBXContainerItemProxy */ = {
			isa = PBXContainerItemProxy;
			containerPortal = 04ED9EF01C6A31880061F664 /* Project object */;
			proxyType = 1;
			remoteGlobalIDString = 04ED9EF71C6A31880061F664;
			remoteInfo = sign_test;
		};
/* End PBXContainerItemProxy section */

/* Begin PBXFileReference section */
		04ED9EF81C6A31880061F664 /* sign_test.app */ = {isa = PBXFileReference; explicitFileType = wrapper.application; includeInIndex = 0; path = sign_test.app; sourceTree = BUILT_PRODUCTS_DIR; };
		04ED9EFB1C6A31880061F664 /* AppDelegate.swift */ = {isa = PBXFileReference; lastKnownFileType = sourcecode.swift; path = AppDelegate.swift; sourceTree = "<group>"; };
		04ED9EFD1C6A31880061F664 /* ViewController.swift */ = {isa = PBXFileReference; lastKnownFileType = sourcecode.swift; path = ViewController.swift; sourceTree = "<group>"; };
		04ED9F001C6A31880061F664 /* Base */ = {isa = PBXFileReference; lastKnownFileType = file.storyboard; name = Base; path = Base.lproj/Main.storyboard; sourceTree = "<group>"; };
		04ED9F021C6A31880061F664 /* Assets.xcassets */ = {isa = PBXFileReference; lastKnownFileType = folder.assetcatalog; path = Assets.xcassets; sourceTree = "<group>"; };
		04ED9F051C6A31880061F664 /* Base */ = {isa = PBXFileReference; lastKnownFileType = file.storyboard; name = Base; path = Base.lproj/LaunchScreen.storyboard; sourceTree = "<group>"; };
		04ED9F071C6A31880061F664 /* Info.plist */ = {isa = PBXFileReference; lastKnownFileType = text.plist.xml; path = Info.plist; sourceTree = "<group>"; };
		04ED9F0C1C6A31880061F664 /* sign_testTests.xctest */ = {isa = PBXFileReference; explicitFileType = wrapper.cfbundle; includeInIndex = 0; path = sign_testTests.xctest; sourceTree = BUILT_PRODUCTS_DIR; };
		04ED9F101C6A31880061F664 /* sign_testTests.swift */ = {isa = PBXFileReference; lastKnownFileType = sourcecode.swift; path = sign_testTests.swift; sourceTree = "<group>"; };
		04ED9F121C6A31880061F664 /* Info.plist */ = {isa = PBXFileReference; lastKnownFileType = text.plist.xml; path = Info.plist; sourceTree = "<group>"; };
		04ED9F171C6A31880061F664 /* sign_testUITests.xctest */ = {isa = PBXFileReference; explicitFileType = wrapper.cfbundle; includeInIndex = 0; path = sign_testUITests.xctest; sourceTree = BUILT_PRODUCTS_DIR; };
		04ED9F1B1C6A31880061F664 /* sign_testUITests.swift */ = {isa = PBXFileReference; lastKnownFileType = sourcecode.swift; path = sign_testUITests.swift; sourceTree = "<group>"; };
		04ED9F1D1C6A31880061F664 /* Info.plist */ = {isa = PBXFileReference; lastKnownFileType = text.plist.xml; path = Info.plist; sourceTree = "<group>"; };
/* End PBXFileReference section */

/* Begin PBXFrameworksBuildPhase section */
		04ED9EF51C6A31880061F664 /* Frameworks */ = {
			isa = PBXFrameworksBuildPhase;
			buildActionMask = 2147483647;
			files = (
			);
			runOnlyForDeploymentPostprocessing = 0;
		};
		04ED9F091C6A31880061F664 /* Frameworks */ = {
			isa = PBXFrameworksBuildPhase;
			buildActionMask = 2147483647;
			files = (
			);
			runOnlyForDeploymentPostprocessing = 0;
		};
		04ED9F141C6A31880061F664 /* Frameworks */ = {
			isa = PBXFrameworksBuildPhase;
			buildActionMask = 2147483647;
			files = (
			);
			runOnlyForDeploymentPostprocessing = 0;
		};
/* End PBXFrameworksBuildPhase section */

/* Begin PBXGroup section */
		04ED9EEF1C6A31880061F664 = {
			isa = PBXGroup;
			children = (
				04ED9EFA1C6A31880061F664 /* sign_test */,
				04ED9F0F1C6A31880061F664 /* sign_testTests */,
				04ED9F1A1C6A31880061F664 /* sign_testUITests */,
				04ED9EF91C6A31880061F664 /* Products */,
			);
			sourceTree = "<group>";
		};
		04ED9EF91C6A31880061F664 /* Products */ = {
			isa = PBXGroup;
			children = (
				04ED9EF81C6A31880061F664 /* sign_test.app */,
				04ED9F0C1C6A31880061F664 /* sign_testTests.xctest */,
				04ED9F171C6A31880061F664 /* sign_testUITests.xctest */,
			);
			name = Products;
			sourceTree = "<group>";
		};
		04ED9EFA1C6A31880061F664 /* sign_test */ = {
			isa = PBXGroup;
			children = (
				04ED9EFB1C6A31880061F664 /* AppDelegate.swift */,
				04ED9EFD1C6A31880061F664 /* ViewController.swift */,
				04ED9EFF1C6A31880061F664 /* Main.storyboard */,
				04ED9F021C6A31880061F664 /* Assets.xcassets */,
				04ED9F041C6A31880061F664 /* LaunchScreen.storyboard */,
				04ED9F071C6A31880061F664 /* Info.plist */,
			);
			path = sign_test;
			sourceTree = "<group>";
		};
		04ED9F0F1C6A31880061F664 /* sign_testTests */ = {
			isa = PBXGroup;
			children = (
				04ED9F101C6A31880061F664 /* sign_testTests.swift */,
				04ED9F121C6A31880061F664 /* Info.plist */,
			);
			path = sign_testTests;
			sourceTree = "<group>";
		};
		04ED9F1A1C6A31880061F664 /* sign_testUITests */ = {
			isa = PBXGroup;
			children = (
				04ED9F1B1C6A31880061F664 /* sign_testUITests.swift */,
				04ED9F1D1C6A31880061F664 /* Info.plist */,
			);
			path = sign_testUITests;
			sourceTree = "<group>";
		};
/* End PBXGroup section */

/* Begin PBXNativeTarget section */
		04ED9EF71C6A31880061F664 /* sign_test */ = {
			isa = PBXNativeTarget;
			buildConfigurationList = 04ED9F201C6A31890061F664 /* Build configuration list for PBXNativeTarget "sign_test" */;
			buildPhases = (
				04ED9EF41C6A31880061F664 /* Sources */,
				04ED9EF51C6A31880061F664 /* Frameworks */,
				04ED9EF61C6A31880061F664 /* Resources */,
			);
			buildRules = (
			);
			dependencies = (
			);
			name = sign_test;
			productName = sign_test;
			productReference = 04ED9EF81C6A31880061F664 /* sign_test.app */;
			productType = "com.apple.product-type.application";
		};
		04ED9F0B1C6A31880061F664 /* sign_testTests */ = {
			isa = PBXNativeTarget;
			buildConfigurationList = 04ED9F231C6A31890061F664 /* Build configuration list for PBXNativeTarget "sign_testTests" */;
			buildPhases = (
				04ED9F081C6A31880061F664 /* Sources */,
				04ED9F091C6A31880061F664 /* Frameworks */,
				04ED9F0A1C6A31880061F664 /* Resources */,
			);
			buildRules = (
			);
			dependencies = (
				04ED9F0E1C6A31880061F664 /* PBXTargetDependency */,
			);
			name = sign_testTests;
			productName = sign_testTests;
			productReference = 04ED9F0C1C6A31880061F664 /* sign_testTests.xctest */;
			productType = "com.apple.product-type.bundle.unit-test";
		};
		04ED9F161C6A31880061F664 /* sign_testUITests */ = {
			isa = PBXNativeTarget;
			buildConfigurationList = 04ED9F261C6A31890061F664 /* Build configuration list for PBXNativeTarget "sign_testUITests" */;
			buildPhases = (
				04ED9F131C6A31880061F664 /* Sources */,
				04ED9F141C6A31880061F664 /* Frameworks */,
				04ED9F151C6A31880061F664 /* Resources */,
			);
			buildRules = (
			);
			dependencies = (
				04ED9F191C6A31880061F664 /* PBXTargetDependency */,
			);
			name = sign_testUITests;
			productName = sign_testUITests;
			productReference = 04ED9F171C6A31880061F664 /* sign_testUITests.xctest */;
			productType = "com.apple.product-type.bundle.ui-testing";
		};
/* End PBXNativeTarget section */

/* Begin PBXProject section */
		04ED9EF01C6A31880061F664 /* Project object */ = {
			isa = PBXProject;
			attributes = {
				LastSwiftUpdateCheck = 0720;
				LastUpgradeCheck = 0720;
				ORGANIZATIONNAME = "윤종서";
				TargetAttributes = {
					04ED9EF71C6A31880061F664 = {
						CreatedOnToolsVersion = 7.2.1;
					};
					04ED9F0B1C6A31880061F664 = {
						CreatedOnToolsVersion = 7.2.1;
						TestTargetID = 04ED9EF71C6A31880061F664;
					};
					04ED9F161C6A31880061F664 = {
						CreatedOnToolsVersion = 7.2.1;
						TestTargetID = 04ED9EF71C6A31880061F664;
					};
				};
			};
			buildConfigurationList = 04ED9EF31C6A31880061F664 /* Build configuration list for PBXProject "sign_test" */;
			compatibilityVersion = "Xcode 3.2";
			developmentRegion = English;
			hasScannedForEncodings = 0;
			knownRegions = (
				en,
				Base,
			);
			mainGroup = 04ED9EEF1C6A31880061F664;
			productRefGroup = 04ED9EF91C6A31880061F664 /* Products */;
			projectDirPath = "";
			projectRoot = "";
			targets = (
				04ED9EF71C6A31880061F664 /* sign_test */,
				04ED9F0B1C6A31880061F664 /* sign_testTests */,
				04ED9F161C6A31880061F664 /* sign_testUITests */,
			);
		};
/* End PBXProject section */

/* Begin PBXResourcesBuildPhase section */
		04ED9EF61C6A31880061F664 /* Resources */ = {
			isa = PBXResourcesBuildPhase;
			buildActionMask = 2147483647;
			files = (
				04ED9F061C6A31880061F664 /* LaunchScreen.storyboard in Resources */,
				04ED9F031C6A31880061F664 /* Assets.xcassets in Resources */,
				04ED9F011C6A31880061F664 /* Main.storyboard in Resources */,
			);
			runOnlyForDeploymentPostprocessing = 0;
		};
		04ED9F0A1C6A31880061F664 /* Resources */ = {
			isa = PBXResourcesBuildPhase;
			buildActionMask = 2147483647;
			files = (
			);
			runOnlyForDeploymentPostprocessing = 0;
		};
		04ED9F151C6A31880061F664 /* Resources */ = {
			isa = PBXResourcesBuildPhase;
			buildActionMask = 2147483647;
			files = (
			);
			runOnlyForDeploymentPostprocessing = 0;
		};
/* End PBXResourcesBuildPhase section */

/* Begin PBXSourcesBuildPhase section */
		04ED9EF41C6A31880061F664 /* Sources */ = {
			isa = PBXSourcesBuildPhase;
			buildActionMask = 2147483647;
			files = (
				04ED9EFE1C6A31880061F664 /* ViewController.swift in Sources */,
				04ED9EFC1C6A31880061F664 /* AppDelegate.swift in Sources */,
			);
			runOnlyForDeploymentPostprocessing = 0;
		};
		04ED9F081C6A31880061F664 /* Sources */ = {
			isa = PBXSourcesBuildPhase;
			buildActionMask = 2147483647;
			files = (
				04ED9F111C6A31880061F664 /* sign_testTests.swift in Sources */,
			);
			runOnlyForDeploymentPostprocessing = 0;
		};
		04ED9F131C6A31880061F664 /* Sources */ = {
			isa = PBXSourcesBuildPhase;
			buildActionMask = 2147483647;
			files = (
				04ED9F1C1C6A31880061F664 /* sign_testUITests.swift in Sources */,
			);
			runOnlyForDeploymentPostprocessing = 0;
		};
/* End PBXSourcesBuildPhase section */

/* Begin PBXTargetDependency section */
		04ED9F0E1C6A31880061F664 /* PBXTargetDependency */ = {
			isa = PBXTargetDependency;
			target = 04ED9EF71C6A31880061F664 /* sign_test */;
			targetProxy = 04ED9F0D1C6A31880061F664 /* PBXContainerItemProxy */;
		};
		04ED9F191C6A31880061F664 /* PBXTargetDependency */ = {
			isa = PBXTargetDependency;
			target = 04ED9EF71C6A31880061F664 /* sign_test */;
			targetProxy = 04ED9F181C6A31880061F664 /* PBXContainerItemProxy */;
		};
/* End PBXTargetDependency section */

/* Begin PBXVariantGroup section */
		04ED9EFF1C6A31880061F664 /* Main.storyboard */ = {
			isa = PBXVariantGroup;
			children = (
				04ED9F001C6A31880061F664 /* Base */,
			);
			name = Main.storyboard;
			sourceTree = "<group>";
		};
		04ED9F041C6A31880061F664 /* LaunchScreen.storyboard */ = {
			isa = PBXVariantGroup;
			children = (
				04ED9F051C6A31880061F664 /* Base */,
			);
			name = LaunchScreen.storyboard;
			sourceTree = "<group>";
		};
/* End PBXVariantGroup section */

/* Begin XCBuildConfiguration section */
		04ED9F1E1C6A31890061F664 /* Debug */ = {
			isa = XCBuildConfiguration;
			buildSettings = {
				ALWAYS_SEARCH_USER_PATHS = NO;
				CLANG_CXX_LANGUAGE_STANDARD = "gnu++0x";
				CLANG_CXX_LIBRARY = "libc++";
				CLANG_ENABLE_MODULES = YES;
				CLANG_ENABLE_OBJC_ARC = YES;
				CLANG_WARN_BOOL_CONVERSION = YES;
				CLANG_WARN_CONSTANT_CONVERSION = YES;
				CLANG_WARN_DIRECT_OBJC_ISA_USAGE = YES_ERROR;
				CLANG_WARN_EMPTY_BODY = YES;
				CLANG_WARN_ENUM_CONVERSION = YES;
				CLANG_WARN_INT_CONVERSION = YES;
				CLANG_WARN_OBJC_ROOT_CLASS = YES_ERROR;
				CLANG_WARN_UNREACHABLE_CODE = YES;
				CLANG_WARN__DUPLICATE_METHOD_MATCH = YES;
				"CODE_SIGN_IDENTITY[sdk=iphoneos*]" = "iPhone Developer";
				COPY_PHASE_STRIP = NO;
				DEBUG_INFORMATION_FORMAT = dwarf;
				ENABLE_STRICT_OBJC_MSGSEND = YES;
				ENABLE_TESTABILITY = YES;
				GCC_C_LANGUAGE_STANDARD = gnu99;
				GCC_DYNAMIC_NO_PIC = NO;
				GCC_NO_COMMON_BLOCKS = YES;
				GCC_OPTIMIZATION_LEVEL = 0;
				GCC_PREPROCESSOR_DEFINITIONS = (
					"DEBUG=1",
					"$(inherited)",
				);
				GCC_WARN_64_TO_32_BIT_CONVERSION = YES;
				GCC_WARN_ABOUT_RETURN_TYPE = YES_ERROR;
				GCC_WARN_UNDECLARED_SELECTOR = YES;
				GCC_WARN_UNINITIALIZED_AUTOS = YES_AGGRESSIVE;
				GCC_WARN_UNUSED_FUNCTION = YES;
				GCC_WARN_UNUSED_VARIABLE = YES;
				IPHONEOS_DEPLOYMENT_TARGET = 9.2;
				MTL_ENABLE_DEBUG_INFO = YES;
				ONLY_ACTIVE_ARCH = YES;
				SDKROOT = iphoneos;
				SWIFT_OPTIMIZATION_LEVEL = "-Onone";
			};
			name = Debug;
		};
		04ED9F1F1C6A31890061F664 /* Release */ = {
			isa = XCBuildConfiguration;
			buildSettings = {
				ALWAYS_SEARCH_USER_PATHS = NO;
				CLANG_CXX_LANGUAGE_STANDARD = "gnu++0x";
				CLANG_CXX_LIBRARY = "libc++";
				CLANG_ENABLE_MODULES = YES;
				CLANG_ENABLE_OBJC_ARC = YES;
				CLANG_WARN_BOOL_CONVERSION = YES;
				CLANG_WARN_CONSTANT_CONVERSION = YES;
				CLANG_WARN_DIRECT_OBJC_ISA_USAGE = YES_ERROR;
				CLANG_WARN_EMPTY_BODY = YES;
				CLANG_WARN_ENUM_CONVERSION = YES;
				CLANG_WARN_INT_CONVERSION = YES;
				CLANG_WARN_OBJC_ROOT_CLASS = YES_ERROR;
				CLANG_WARN_UNREACHABLE_CODE = YES;
				CLANG_WARN__DUPLICATE_METHOD_MATCH = YES;
				"CODE_SIGN_IDENTITY[sdk=iphoneos*]" = "iPhone Developer";
				COPY_PHASE_STRIP = NO;
				DEBUG_INFORMATION_FORMAT = "dwarf-with-dsym";
				ENABLE_NS_ASSERTIONS = NO;
				ENABLE_STRICT_OBJC_MSGSEND = YES;
				GCC_C_LANGUAGE_STANDARD = gnu99;
				GCC_NO_COMMON_BLOCKS = YES;
				GCC_WARN_64_TO_32_BIT_CONVERSION = YES;
				GCC_WARN_ABOUT_RETURN_TYPE = YES_ERROR;
				GCC_WARN_UNDECLARED_SELECTOR = YES;
				GCC_WARN_UNINITIALIZED_AUTOS = YES_AGGRESSIVE;
				GCC_WARN_UNUSED_FUNCTION = YES;
				GCC_WARN_UNUSED_VARIABLE = YES;
				IPHONEOS_DEPLOYMENT_TARGET = 9.2;
				MTL_ENABLE_DEBUG_INFO = NO;
				SDKROOT = iphoneos;
				VALIDATE_PRODUCT = YES;
			};
			name = Release;
		};
		04ED9F211C6A31890061F664 /* Debug */ = {
			isa = XCBuildConfiguration;
			buildSettings = {
				ASSETCATALOG_COMPILER_APPICON_NAME = AppIcon;
				INFOPLIST_FILE = sign_test/Info.plist;
				LD_RUNPATH_SEARCH_PATHS = "$(inherited) @executable_path/Frameworks";
				PRODUCT_BUNDLE_IDENTIFIER = "com.zest.www.sign-test";
				PRODUCT_NAME = "$(TARGET_NAME)";
			};
			name = Debug;
		};
		04ED9F221C6A31890061F664 /* Release */ = {
			isa = XCBuildConfiguration;
			buildSettings = {
				ASSETCATALOG_COMPILER_APPICON_NAME = AppIcon;
				INFOPLIST_FILE = sign_test/Info.plist;
				LD_RUNPATH_SEARCH_PATHS = "$(inherited) @executable_path/Frameworks";
				PRODUCT_BUNDLE_IDENTIFIER = "com.zest.www.sign-test";
				PRODUCT_NAME = "$(TARGET_NAME)";
			};
			name = Release;
		};
		04ED9F241C6A31890061F664 /* Debug */ = {
			isa = XCBuildConfiguration;
			buildSettings = {
				BUNDLE_LOADER = "$(TEST_HOST)";
				INFOPLIST_FILE = sign_testTests/Info.plist;
				LD_RUNPATH_SEARCH_PATHS = "$(inherited) @executable_path/Frameworks @loader_path/Frameworks";
				PRODUCT_BUNDLE_IDENTIFIER = "com.zest.www.sign-testTests";
				PRODUCT_NAME = "$(TARGET_NAME)";
				TEST_HOST = "$(BUILT_PRODUCTS_DIR)/sign_test.app/sign_test";
			};
			name = Debug;
		};
		04ED9F251C6A31890061F664 /* Release */ = {
			isa = XCBuildConfiguration;
			buildSettings = {
				BUNDLE_LOADER = "$(TEST_HOST)";
				INFOPLIST_FILE = sign_testTests/Info.plist;
				LD_RUNPATH_SEARCH_PATHS = "$(inherited) @executable_path/Frameworks @loader_path/Frameworks";
				PRODUCT_BUNDLE_IDENTIFIER = "com.zest.www.sign-testTests";
				PRODUCT_NAME = "$(TARGET_NAME)";
				TEST_HOST = "$(BUILT_PRODUCTS_DIR)/sign_test.app/sign_test";
			};
			name = Release;
		};
		04ED9F271C6A31890061F664 /* Debug */ = {
			isa = XCBuildConfiguration;
			buildSettings = {
				INFOPLIST_FILE = sign_testUITests/Info.plist;
				LD_RUNPATH_SEARCH_PATHS = "$(inherited) @executable_path/Frameworks @loader_path/Frameworks";
				PRODUCT_BUNDLE_IDENTIFIER = "com.zest.www.sign-testUITests";
				PRODUCT_NAME = "$(TARGET_NAME)";
				TEST_TARGET_NAME = sign_test;
				USES_XCTRUNNER = YES;
			};
			name = Debug;
		};
		04ED9F281C6A31890061F664 /* Release */ = {
			isa = XCBuildConfiguration;
			buildSettings = {
				INFOPLIST_FILE = sign_testUITests/Info.plist;
				LD_RUNPATH_SEARCH_PATHS = "$(inherited) @executable_path/Frameworks @loader_path/Frameworks";
				PRODUCT_BUNDLE_IDENTIFIER = "com.zest.www.sign-testUITests";
				PRODUCT_NAME = "$(TARGET_NAME)";
				TEST_TARGET_NAME = sign_test;
				USES_XCTRUNNER = YES;
			};
			name = Release;
		};
/* End XCBuildConfiguration section */

/* Begin XCConfigurationList section */
		04ED9EF31C6A31880061F664 /* Build configuration list for PBXProject "sign_test" */ = {
			isa = XCConfigurationList;
			buildConfigurations = (
				04ED9F1E1C6A31890061F664 /* Debug */,
				04ED9F1F1C6A31890061F664 /* Release */,
			);
			defaultConfigurationIsVisible = 0;
			defaultConfigurationName = Release;
		};
		04ED9F201C6A31890061F664 /* Build configuration list for PBXNativeTarget "sign_test" */ = {
			isa = XCConfigurationList;
			buildConfigurations = (
				04ED9F211C6A31890061F664 /* Debug */,
				04ED9F221C6A31890061F664 /* Release */,
			);
			defaultConfigurationIsVisible = 0;
		};
		04ED9F231C6A31890061F664 /* Build configuration list for PBXNativeTarget "sign_testTests" */ = {
			isa = XCConfigurationList;
			buildConfigurations = (
				04ED9F241C6A31890061F664 /* Debug */,
				04ED9F251C6A31890061F664 /* Release */,
			);
			defaultConfigurationIsVisible = 0;
		};
		04ED9F261C6A31890061F664 /* Build configuration list for PBXNativeTarget "sign_testUITests" */ = {
			isa = XCConfigurationList;
			buildConfigurations = (
				04ED9F271C6A31890061F664 /* Debug */,
				04ED9F281C6A31890061F664 /* Release */,
			);
			defaultConfigurationIsVisible = 0;
		};
/* End XCConfigurationList section */
	};
	rootObject = 04ED9EF01C6A31880061F664 /* Project object */;
}
